
Microsoft Visual Studio Solution File, Format Version 12.00
# Visual Studio Version 16
VisualStudioVersion = 16.0.31515.178
MinimumVisualStudioVersion = 10.0.40219.1
Project("{9A19103F-16F7-4668-BE54-9A1E7A4F7556}") = "Oiski.School.Webshop_H3_2021.Servicelayer", "Oiski.School.Webshop_H3_2021.Servicelayer\Oiski.School.Webshop_H3_2021.Servicelayer.csproj", "{88CE60BF-2048-4BB2-94B5-728FB66C5E7C}"
EndProject
Project("{9A19103F-16F7-4668-BE54-9A1E7A4F7556}") = "Oiski.School.Webshop_H3_2021.Datalayer", "Oiski.School.Webshop_H3_2021.Datalayer\Oiski.School.Webshop_H3_2021.Datalayer.csproj", "{27485E71-E9FC-422C-AC20-8C64E3891E14}"
EndProject
Project("{9A19103F-16F7-4668-BE54-9A1E7A4F7556}") = "Oiski.School.Webshop_H3_2021.xUnitTests", "Oiski.School.Webshop_H3_2021.xUnitTests\Oiski.School.Webshop_H3_2021.xUnitTests.csproj", "{5FD084A8-4DE8-4F65-A8DF-36D909EAEEA2}"
EndProject
Project("{FAE04EC0-301F-11D3-BF4B-00C04F79EFBC}") = "Oiski.School.WebShop_H3_2021.RestAPI", "Oiski.School.WebShop_H3_2021.RestAPI\Oiski.School.WebShop_H3_2021.RestAPI.csproj", "{764F2EAA-5732-4C84-ABD2-FEEADF31E0C1}"
EndProject
Global
	GlobalSection(SolutionConfigurationPlatforms) = preSolution
		Debug|Any CPU = Debug|Any CPU
		Release|Any CPU = Release|Any CPU
	EndGlobalSection
	GlobalSection(ProjectConfigurationPlatforms) = postSolution
		{88CE60BF-2048-4BB2-94B5-728FB66C5E7C}.Debug|Any CPU.ActiveCfg = Debug|Any CPU
		{88CE60BF-2048-4BB2-94B5-728FB66C5E7C}.Debug|Any CPU.Build.0 = Debug|Any CPU
		{88CE60BF-2048-4BB2-94B5-728FB66C5E7C}.Release|Any CPU.ActiveCfg = Release|Any CPU
		{88CE60BF-2048-4BB2-94B5-728FB66C5E7C}.Release|Any CPU.Build.0 = Release|Any CPU
		{27485E71-E9FC-422C-AC20-8C64E3891E14}.Debug|Any CPU.ActiveCfg = Debug|Any CPU
		{27485E71-E9FC-422C-AC20-8C64E3891E14}.Debug|Any CPU.Build.0 = Debug|Any CPU
		{27485E71-E9FC-422C-AC20-8C64E3891E14}.Release|Any CPU.ActiveCfg = Release|Any CPU
		{27485E71-E9FC-422C-AC20-8C64E3891E14}.Release|Any CPU.Build.0 = Release|Any CPU
		{5FD084A8-4DE8-4F65-A8DF-36D909EAEEA2}.Debug|Any CPU.ActiveCfg = Debug|Any CPU
		{5FD084A8-4DE8-4F65-A8DF-36D909EAEEA2}.Debug|Any CPU.Build.0 = Debug|Any CPU
		{5FD084A8-4DE8-4F65-A8DF-36D909EAEEA2}.Release|Any CPU.ActiveCfg = Release|Any CPU
		{5FD084A8-4DE8-4F65-A8DF-36D909EAEEA2}.Release|Any CPU.Build.0 = Release|Any CPU
		{764F2EAA-5732-4C84-ABD2-FEEADF31E0C1}.Debug|Any CPU.ActiveCfg = Debug|Any CPU
		{764F2EAA-5732-4C84-ABD2-FEEADF31E0C1}.Debug|Any CPU.Build.0 = Debug|Any CPU
		{764F2EAA-5732-4C84-ABD2-FEEADF31E0C1}.Release|Any CPU.ActiveCfg = Release|Any CPU
		{764F2EAA-5732-4C84-ABD2-FEEADF31E0C1}.Release|Any CPU.Build.0 = Release|Any CPU
	EndGlobalSection
	GlobalSection(SolutionProperties) = preSolution
		HideSolutionNode = FALSE
	EndGlobalSection
	GlobalSection(ExtensibilityGlobals) = postSolution
		SolutionGuid = {4B7C80AB-4AAB-4348-8597-6678205B84EA}
	EndGlobalSection
EndGlobal
