
Microsoft Visual Studio Solution File, Format Version 12.00
# Visual Studio Version 16
VisualStudioVersion = 16.0.31515.178
MinimumVisualStudioVersion = 10.0.40219.1
Project("{9A19103F-16F7-4668-BE54-9A1E7A4F7556}") = "Oiski.School.Webshop_H3_2021.Datalayer", "Oiski.School.Webshop_H3_2021.Datalayer\Oiski.School.Webshop_H3_2021.Datalayer.csproj", "{8B398624-32B7-4A97-AFF1-D3569AF27931}"
EndProject
Project("{9A19103F-16F7-4668-BE54-9A1E7A4F7556}") = "Oiski.School.Webshop_H3_2021.Servicelayer", "Oiski.School.Webshop_H3_2021.Servicelayer\Oiski.School.Webshop_H3_2021.Servicelayer.csproj", "{88CE60BF-2048-4BB2-94B5-728FB66C5E7C}"
EndProject
Project("{9A19103F-16F7-4668-BE54-9A1E7A4F7556}") = "Oiski.School.Webshop_H3_2021.UnitTests", "Oiski.School.Webshop_H3_2021.UnitTests\Oiski.School.Webshop_H3_2021.UnitTests.csproj", "{6E022286-F042-4AA1-929E-639588B61BDC}"
EndProject
Project("{9A19103F-16F7-4668-BE54-9A1E7A4F7556}") = "Oiski.School.H3_2021.Webshop.WebApp", "Oiski.School.H3_2021.Webshop.WebApp\Oiski.School.H3_2021.Webshop.WebApp.csproj", "{A45EC9DD-B969-4238-9BE7-8A5A68AE1752}"
EndProject
Global
	GlobalSection(SolutionConfigurationPlatforms) = preSolution
		Debug|Any CPU = Debug|Any CPU
		Release|Any CPU = Release|Any CPU
	EndGlobalSection
	GlobalSection(ProjectConfigurationPlatforms) = postSolution
		{8B398624-32B7-4A97-AFF1-D3569AF27931}.Debug|Any CPU.ActiveCfg = Debug|Any CPU
		{8B398624-32B7-4A97-AFF1-D3569AF27931}.Debug|Any CPU.Build.0 = Debug|Any CPU
		{8B398624-32B7-4A97-AFF1-D3569AF27931}.Release|Any CPU.ActiveCfg = Release|Any CPU
		{8B398624-32B7-4A97-AFF1-D3569AF27931}.Release|Any CPU.Build.0 = Release|Any CPU
		{88CE60BF-2048-4BB2-94B5-728FB66C5E7C}.Debug|Any CPU.ActiveCfg = Debug|Any CPU
		{88CE60BF-2048-4BB2-94B5-728FB66C5E7C}.Debug|Any CPU.Build.0 = Debug|Any CPU
		{88CE60BF-2048-4BB2-94B5-728FB66C5E7C}.Release|Any CPU.ActiveCfg = Release|Any CPU
		{88CE60BF-2048-4BB2-94B5-728FB66C5E7C}.Release|Any CPU.Build.0 = Release|Any CPU
		{6E022286-F042-4AA1-929E-639588B61BDC}.Debug|Any CPU.ActiveCfg = Debug|Any CPU
		{6E022286-F042-4AA1-929E-639588B61BDC}.Debug|Any CPU.Build.0 = Debug|Any CPU
		{6E022286-F042-4AA1-929E-639588B61BDC}.Release|Any CPU.ActiveCfg = Release|Any CPU
		{6E022286-F042-4AA1-929E-639588B61BDC}.Release|Any CPU.Build.0 = Release|Any CPU
		{A45EC9DD-B969-4238-9BE7-8A5A68AE1752}.Debug|Any CPU.ActiveCfg = Debug|Any CPU
		{A45EC9DD-B969-4238-9BE7-8A5A68AE1752}.Debug|Any CPU.Build.0 = Debug|Any CPU
		{A45EC9DD-B969-4238-9BE7-8A5A68AE1752}.Release|Any CPU.ActiveCfg = Release|Any CPU
		{A45EC9DD-B969-4238-9BE7-8A5A68AE1752}.Release|Any CPU.Build.0 = Release|Any CPU
	EndGlobalSection
	GlobalSection(SolutionProperties) = preSolution
		HideSolutionNode = FALSE
	EndGlobalSection
	GlobalSection(ExtensibilityGlobals) = postSolution
		SolutionGuid = {4B7C80AB-4AAB-4348-8597-6678205B84EA}
	EndGlobalSection
EndGlobal
